// !$*UTF8*$!
{
	archiveVersion = 1;
	classes = {
	};
	objectVersion = 56;
	objects = {

/* Begin PBXBuildFile section */
		7008918C2959E0D7000B50F3 /* SwiftyTwitchApp.swift in Sources */ = {isa = PBXBuildFile; fileRef = 7008918B2959E0D7000B50F3 /* SwiftyTwitchApp.swift */; };
		7008918E2959E0D7000B50F3 /* ContentView.swift in Sources */ = {isa = PBXBuildFile; fileRef = 7008918D2959E0D7000B50F3 /* ContentView.swift */; };
		700891902959E0DB000B50F3 /* Assets.xcassets in Resources */ = {isa = PBXBuildFile; fileRef = 7008918F2959E0DB000B50F3 /* Assets.xcassets */; };
		700891932959E0DB000B50F3 /* Preview Assets.xcassets in Resources */ = {isa = PBXBuildFile; fileRef = 700891922959E0DB000B50F3 /* Preview Assets.xcassets */; };
		700891A22959E1C6000B50F3 /* SwiftTwitch in Frameworks */ = {isa = PBXBuildFile; productRef = 700891A12959E1C6000B50F3 /* SwiftTwitch */; };
		700891AB2959F71B000B50F3 /* AppViewModel.swift in Sources */ = {isa = PBXBuildFile; fileRef = 700891AA2959F71B000B50F3 /* AppViewModel.swift */; };
		700891AE2959F823000B50F3 /* KeychainHelper.swift in Sources */ = {isa = PBXBuildFile; fileRef = 700891AD2959F823000B50F3 /* KeychainHelper.swift */; };
		700891B02959F92C000B50F3 /* Constants.swift in Sources */ = {isa = PBXBuildFile; fileRef = 700891AF2959F92C000B50F3 /* Constants.swift */; };
		700891B32959FBB3000B50F3 /* Alamofire in Frameworks */ = {isa = PBXBuildFile; productRef = 700891B22959FBB3000B50F3 /* Alamofire */; };
		700891B62959FBFD000B50F3 /* SwiftyJSON in Frameworks */ = {isa = PBXBuildFile; productRef = 700891B52959FBFC000B50F3 /* SwiftyJSON */; };
		700891BB2959FF6A000B50F3 /* LoadingElement.swift in Sources */ = {isa = PBXBuildFile; fileRef = 700891BA2959FF6A000B50F3 /* LoadingElement.swift */; };
		700891BF2959FFAA000B50F3 /* LogInView.swift in Sources */ = {isa = PBXBuildFile; fileRef = 700891BD2959FFAA000B50F3 /* LogInView.swift */; };
		700891C02959FFAA000B50F3 /* NavigationView.swift in Sources */ = {isa = PBXBuildFile; fileRef = 700891BE2959FFAA000B50F3 /* NavigationView.swift */; };
		700891C2295A0599000B50F3 /* NavigationViewModel.swift in Sources */ = {isa = PBXBuildFile; fileRef = 700891C1295A0598000B50F3 /* NavigationViewModel.swift */; };
		70396653295CB93300FFE790 /* Date.swift in Sources */ = {isa = PBXBuildFile; fileRef = 70396652295CB93300FFE790 /* Date.swift */; };
		70396655295CE82600FFE790 /* ClipsRowElement.swift in Sources */ = {isa = PBXBuildFile; fileRef = 70396654295CE82600FFE790 /* ClipsRowElement.swift */; };
		70396657295CEFB000FFE790 /* Clipboard.swift in Sources */ = {isa = PBXBuildFile; fileRef = 70396656295CEFB000FFE790 /* Clipboard.swift */; };
		70396659295D005800FFE790 /* Exclude.swift in Sources */ = {isa = PBXBuildFile; fileRef = 70396658295D005800FFE790 /* Exclude.swift */; };
		7039665B295D06E600FFE790 /* ChannelInfoBarView.swift in Sources */ = {isa = PBXBuildFile; fileRef = 7039665A295D06E600FFE790 /* ChannelInfoBarView.swift */; };
		7039665D295D078100FFE790 /* ChannelHeaderPanelsView.swift in Sources */ = {isa = PBXBuildFile; fileRef = 7039665C295D078100FFE790 /* ChannelHeaderPanelsView.swift */; };
		703B6D94295DC951000AE236 /* PlayerViewModel.swift in Sources */ = {isa = PBXBuildFile; fileRef = 703B6D93295DC951000AE236 /* PlayerViewModel.swift */; };
		703B6D96295DC9C2000AE236 /* PlayerView.swift in Sources */ = {isa = PBXBuildFile; fileRef = 703B6D95295DC9C2000AE236 /* PlayerView.swift */; };
		703B6D99295DD3E4000AE236 /* StreamView.swift in Sources */ = {isa = PBXBuildFile; fileRef = 703B6D98295DD3E4000AE236 /* StreamView.swift */; };
		703B6D9B295E2143000AE236 /* AVPlayer.swift in Sources */ = {isa = PBXBuildFile; fileRef = 703B6D9A295E2143000AE236 /* AVPlayer.swift */; };
		703B6D9D295E2724000AE236 /* ToggleStyle.swift in Sources */ = {isa = PBXBuildFile; fileRef = 703B6D9C295E2724000AE236 /* ToggleStyle.swift */; };
		70533887295C8CD400124795 /* VisualEffectView.swift in Sources */ = {isa = PBXBuildFile; fileRef = 70533886295C8CD400124795 /* VisualEffectView.swift */; };
		7053388A295CA51400124795 /* SDWebImageSwiftUI in Frameworks */ = {isa = PBXBuildFile; productRef = 70533889295CA51400124795 /* SDWebImageSwiftUI */; };
		7053388C295CB02D00124795 /* VideosRowElement.swift in Sources */ = {isa = PBXBuildFile; fileRef = 7053388B295CB02D00124795 /* VideosRowElement.swift */; };
		70602D4F295C7FD000439DBE /* ChannelView.swift in Sources */ = {isa = PBXBuildFile; fileRef = 70602D4E295C7FD000439DBE /* ChannelView.swift */; };
		70602D51295C7FE500439DBE /* ChannelViewModel.swift in Sources */ = {isa = PBXBuildFile; fileRef = 70602D50295C7FE500439DBE /* ChannelViewModel.swift */; };
		70602D53295C803B00439DBE /* Enums.swift in Sources */ = {isa = PBXBuildFile; fileRef = 70602D52295C803B00439DBE /* Enums.swift */; };
		70602D56295C85EC00439DBE /* DominantColor in Frameworks */ = {isa = PBXBuildFile; productRef = 70602D55295C85EC00439DBE /* DominantColor */; };
		70602D5B295C863000439DBE /* Image.swift in Sources */ = {isa = PBXBuildFile; fileRef = 70602D5A295C863000439DBE /* Image.swift */; };
		70602D5D295C86E600439DBE /* ColoredBackground.swift in Sources */ = {isa = PBXBuildFile; fileRef = 70602D5C295C86E600439DBE /* ColoredBackground.swift */; };
		70642DB7295F1C2B0095B813 /* AVKit.framework in Frameworks */ = {isa = PBXBuildFile; fileRef = 70642DB5295F1C2B0095B813 /* AVKit.framework */; };
		70642DB8295F1C2B0095B813 /* AVFoundation.framework in Frameworks */ = {isa = PBXBuildFile; fileRef = 70642DB6295F1C2B0095B813 /* AVFoundation.framework */; };
		70642DBB295F3D720095B813 /* Pipify in Frameworks */ = {isa = PBXBuildFile; productRef = 70642DBA295F3D720095B813 /* Pipify */; };
		70642DBD295F42AC0095B813 /* PictureInPicture.swift in Sources */ = {isa = PBXBuildFile; fileRef = 70642DBC295F42AC0095B813 /* PictureInPicture.swift */; };
		70642DBF295F6B800095B813 /* FullScreenPlayer.swift in Sources */ = {isa = PBXBuildFile; fileRef = 70642DBE295F6B800095B813 /* FullScreenPlayer.swift */; };
		70642DC1295F9E730095B813 /* isMouseHovering.swift in Sources */ = {isa = PBXBuildFile; fileRef = 70642DC0295F9E730095B813 /* isMouseHovering.swift */; };
		7093DB8A295B99D50088E0F3 /* IntFormatter.swift in Sources */ = {isa = PBXBuildFile; fileRef = 7093DB89295B99D50088E0F3 /* IntFormatter.swift */; };
		7093DB8C295BA3F20088E0F3 /* HoverWrapper.swift in Sources */ = {isa = PBXBuildFile; fileRef = 7093DB8B295BA3F20088E0F3 /* HoverWrapper.swift */; };
		7093DB8E295BB5BA0088E0F3 /* ChannelListElement.swift in Sources */ = {isa = PBXBuildFile; fileRef = 7093DB8D295BB5BA0088E0F3 /* ChannelListElement.swift */; };
/* End PBXBuildFile section */

/* Begin PBXFileReference section */
		700891882959E0D7000B50F3 /* SwiftyTwitch.app */ = {isa = PBXFileReference; explicitFileType = wrapper.application; includeInIndex = 0; path = SwiftyTwitch.app; sourceTree = BUILT_PRODUCTS_DIR; };
		7008918B2959E0D7000B50F3 /* SwiftyTwitchApp.swift */ = {isa = PBXFileReference; lastKnownFileType = sourcecode.swift; path = SwiftyTwitchApp.swift; sourceTree = "<group>"; };
		7008918D2959E0D7000B50F3 /* ContentView.swift */ = {isa = PBXFileReference; lastKnownFileType = sourcecode.swift; path = ContentView.swift; sourceTree = "<group>"; };
		7008918F2959E0DB000B50F3 /* Assets.xcassets */ = {isa = PBXFileReference; lastKnownFileType = folder.assetcatalog; path = Assets.xcassets; sourceTree = "<group>"; };
		700891922959E0DB000B50F3 /* Preview Assets.xcassets */ = {isa = PBXFileReference; lastKnownFileType = folder.assetcatalog; path = "Preview Assets.xcassets"; sourceTree = "<group>"; };
		700891942959E0DB000B50F3 /* SwiftyTwitch.entitlements */ = {isa = PBXFileReference; lastKnownFileType = text.plist.entitlements; path = SwiftyTwitch.entitlements; sourceTree = "<group>"; };
		7008919E2959E155000B50F3 /* SwiftTwitch */ = {isa = PBXFileReference; lastKnownFileType = wrapper; name = SwiftTwitch; path = ../../Downloads/SwiftTwitch; sourceTree = "<group>"; };
		700891A62959E5BF000B50F3 /* Info.plist */ = {isa = PBXFileReference; lastKnownFileType = text.plist; path = Info.plist; sourceTree = "<group>"; };
		700891AA2959F71B000B50F3 /* AppViewModel.swift */ = {isa = PBXFileReference; lastKnownFileType = sourcecode.swift; path = AppViewModel.swift; sourceTree = "<group>"; };
		700891AD2959F823000B50F3 /* KeychainHelper.swift */ = {isa = PBXFileReference; lastKnownFileType = sourcecode.swift; path = KeychainHelper.swift; sourceTree = "<group>"; };
		700891AF2959F92C000B50F3 /* Constants.swift */ = {isa = PBXFileReference; lastKnownFileType = sourcecode.swift; path = Constants.swift; sourceTree = "<group>"; };
		700891BA2959FF6A000B50F3 /* LoadingElement.swift */ = {isa = PBXFileReference; fileEncoding = 4; lastKnownFileType = sourcecode.swift; path = LoadingElement.swift; sourceTree = "<group>"; };
		700891BD2959FFAA000B50F3 /* LogInView.swift */ = {isa = PBXFileReference; fileEncoding = 4; lastKnownFileType = sourcecode.swift; path = LogInView.swift; sourceTree = "<group>"; };
		700891BE2959FFAA000B50F3 /* NavigationView.swift */ = {isa = PBXFileReference; fileEncoding = 4; lastKnownFileType = sourcecode.swift; path = NavigationView.swift; sourceTree = "<group>"; };
		700891C1295A0598000B50F3 /* NavigationViewModel.swift */ = {isa = PBXFileReference; fileEncoding = 4; lastKnownFileType = sourcecode.swift; path = NavigationViewModel.swift; sourceTree = "<group>"; };
		70396652295CB93300FFE790 /* Date.swift */ = {isa = PBXFileReference; lastKnownFileType = sourcecode.swift; path = Date.swift; sourceTree = "<group>"; };
		70396654295CE82600FFE790 /* ClipsRowElement.swift */ = {isa = PBXFileReference; lastKnownFileType = sourcecode.swift; path = ClipsRowElement.swift; sourceTree = "<group>"; };
		70396656295CEFB000FFE790 /* Clipboard.swift */ = {isa = PBXFileReference; lastKnownFileType = sourcecode.swift; path = Clipboard.swift; sourceTree = "<group>"; };
		70396658295D005800FFE790 /* Exclude.swift */ = {isa = PBXFileReference; lastKnownFileType = sourcecode.swift; path = Exclude.swift; sourceTree = "<group>"; };
		7039665A295D06E600FFE790 /* ChannelInfoBarView.swift */ = {isa = PBXFileReference; lastKnownFileType = sourcecode.swift; path = ChannelInfoBarView.swift; sourceTree = "<group>"; };
		7039665C295D078100FFE790 /* ChannelHeaderPanelsView.swift */ = {isa = PBXFileReference; lastKnownFileType = sourcecode.swift; path = ChannelHeaderPanelsView.swift; sourceTree = "<group>"; };
		703B6D93295DC951000AE236 /* PlayerViewModel.swift */ = {isa = PBXFileReference; lastKnownFileType = sourcecode.swift; path = PlayerViewModel.swift; sourceTree = "<group>"; };
		703B6D95295DC9C2000AE236 /* PlayerView.swift */ = {isa = PBXFileReference; lastKnownFileType = sourcecode.swift; path = PlayerView.swift; sourceTree = "<group>"; };
		703B6D98295DD3E4000AE236 /* StreamView.swift */ = {isa = PBXFileReference; lastKnownFileType = sourcecode.swift; path = StreamView.swift; sourceTree = "<group>"; };
		703B6D9A295E2143000AE236 /* AVPlayer.swift */ = {isa = PBXFileReference; lastKnownFileType = sourcecode.swift; path = AVPlayer.swift; sourceTree = "<group>"; };
		703B6D9C295E2724000AE236 /* ToggleStyle.swift */ = {isa = PBXFileReference; lastKnownFileType = sourcecode.swift; path = ToggleStyle.swift; sourceTree = "<group>"; };
		70533886295C8CD400124795 /* VisualEffectView.swift */ = {isa = PBXFileReference; fileEncoding = 4; lastKnownFileType = sourcecode.swift; path = VisualEffectView.swift; sourceTree = "<group>"; };
		7053388B295CB02D00124795 /* VideosRowElement.swift */ = {isa = PBXFileReference; lastKnownFileType = sourcecode.swift; path = VideosRowElement.swift; sourceTree = "<group>"; };
		70602D4E295C7FD000439DBE /* ChannelView.swift */ = {isa = PBXFileReference; lastKnownFileType = sourcecode.swift; path = ChannelView.swift; sourceTree = "<group>"; };
		70602D50295C7FE500439DBE /* ChannelViewModel.swift */ = {isa = PBXFileReference; lastKnownFileType = sourcecode.swift; path = ChannelViewModel.swift; sourceTree = "<group>"; };
		70602D52295C803B00439DBE /* Enums.swift */ = {isa = PBXFileReference; lastKnownFileType = sourcecode.swift; path = Enums.swift; sourceTree = "<group>"; };
		70602D5A295C863000439DBE /* Image.swift */ = {isa = PBXFileReference; lastKnownFileType = sourcecode.swift; path = Image.swift; sourceTree = "<group>"; };
		70602D5C295C86E600439DBE /* ColoredBackground.swift */ = {isa = PBXFileReference; lastKnownFileType = sourcecode.swift; path = ColoredBackground.swift; sourceTree = "<group>"; };
		70642DB5295F1C2B0095B813 /* AVKit.framework */ = {isa = PBXFileReference; lastKnownFileType = wrapper.framework; name = AVKit.framework; path = System/Library/Frameworks/AVKit.framework; sourceTree = SDKROOT; };
		70642DB6295F1C2B0095B813 /* AVFoundation.framework */ = {isa = PBXFileReference; lastKnownFileType = wrapper.framework; name = AVFoundation.framework; path = System/Library/Frameworks/AVFoundation.framework; sourceTree = SDKROOT; };
		70642DBC295F42AC0095B813 /* PictureInPicture.swift */ = {isa = PBXFileReference; lastKnownFileType = sourcecode.swift; path = PictureInPicture.swift; sourceTree = "<group>"; };
		70642DBE295F6B800095B813 /* FullScreenPlayer.swift */ = {isa = PBXFileReference; lastKnownFileType = sourcecode.swift; path = FullScreenPlayer.swift; sourceTree = "<group>"; };
		70642DC0295F9E730095B813 /* isMouseHovering.swift */ = {isa = PBXFileReference; lastKnownFileType = sourcecode.swift; path = isMouseHovering.swift; sourceTree = "<group>"; };
		7093DB89295B99D50088E0F3 /* IntFormatter.swift */ = {isa = PBXFileReference; lastKnownFileType = sourcecode.swift; path = IntFormatter.swift; sourceTree = "<group>"; };
		7093DB8B295BA3F20088E0F3 /* HoverWrapper.swift */ = {isa = PBXFileReference; lastKnownFileType = sourcecode.swift; path = HoverWrapper.swift; sourceTree = "<group>"; };
		7093DB8D295BB5BA0088E0F3 /* ChannelListElement.swift */ = {isa = PBXFileReference; lastKnownFileType = sourcecode.swift; path = ChannelListElement.swift; sourceTree = "<group>"; };
/* End PBXFileReference section */

/* Begin PBXFrameworksBuildPhase section */
		700891852959E0D7000B50F3 /* Frameworks */ = {
			isa = PBXFrameworksBuildPhase;
			buildActionMask = 2147483647;
			files = (
				70642DB7295F1C2B0095B813 /* AVKit.framework in Frameworks */,
				70642DB8295F1C2B0095B813 /* AVFoundation.framework in Frameworks */,
				7053388A295CA51400124795 /* SDWebImageSwiftUI in Frameworks */,
				700891B62959FBFD000B50F3 /* SwiftyJSON in Frameworks */,
				700891A22959E1C6000B50F3 /* SwiftTwitch in Frameworks */,
				70602D56295C85EC00439DBE /* DominantColor in Frameworks */,
				700891B32959FBB3000B50F3 /* Alamofire in Frameworks */,
				70642DBB295F3D720095B813 /* Pipify in Frameworks */,
			);
			runOnlyForDeploymentPostprocessing = 0;
		};
/* End PBXFrameworksBuildPhase section */

/* Begin PBXGroup section */
		7008917F2959E0D7000B50F3 = {
			isa = PBXGroup;
			children = (
				7008919D2959E155000B50F3 /* Packages */,
				7008918A2959E0D7000B50F3 /* SwiftyTwitch */,
				700891892959E0D7000B50F3 /* Products */,
				70642DB4295F1C2A0095B813 /* Frameworks */,
			);
			sourceTree = "<group>";
		};
		700891892959E0D7000B50F3 /* Products */ = {
			isa = PBXGroup;
			children = (
				700891882959E0D7000B50F3 /* SwiftyTwitch.app */,
			);
			name = Products;
			sourceTree = "<group>";
		};
		7008918A2959E0D7000B50F3 /* SwiftyTwitch */ = {
			isa = PBXGroup;
			children = (
				7093DB88295B99B00088E0F3 /* Utils */,
				700891AC2959F817000B50F3 /* Helpers */,
				700891A92959F6F2000B50F3 /* Models */,
				700891A82959F6D6000B50F3 /* ViewModels */,
				700891A72959F6D0000B50F3 /* Views */,
				700891A62959E5BF000B50F3 /* Info.plist */,
				7008918B2959E0D7000B50F3 /* SwiftyTwitchApp.swift */,
				7008918D2959E0D7000B50F3 /* ContentView.swift */,
				7008918F2959E0DB000B50F3 /* Assets.xcassets */,
				700891942959E0DB000B50F3 /* SwiftyTwitch.entitlements */,
				700891912959E0DB000B50F3 /* Preview Content */,
			);
			path = SwiftyTwitch;
			sourceTree = "<group>";
		};
		700891912959E0DB000B50F3 /* Preview Content */ = {
			isa = PBXGroup;
			children = (
				700891922959E0DB000B50F3 /* Preview Assets.xcassets */,
			);
			path = "Preview Content";
			sourceTree = "<group>";
		};
		7008919D2959E155000B50F3 /* Packages */ = {
			isa = PBXGroup;
			children = (
				7008919E2959E155000B50F3 /* SwiftTwitch */,
			);
			name = Packages;
			sourceTree = "<group>";
		};
		700891A72959F6D0000B50F3 /* Views */ = {
			isa = PBXGroup;
			children = (
				703B6D97295DD3CB000AE236 /* StreamView */,
				70602D4D295C7FBE00439DBE /* ChannelView */,
				700891B92959FF6A000B50F3 /* Elements */,
				700891BC2959FFAA000B50F3 /* Shared */,
			);
			path = Views;
			sourceTree = "<group>";
		};
		700891A82959F6D6000B50F3 /* ViewModels */ = {
			isa = PBXGroup;
			children = (
				700891AA2959F71B000B50F3 /* AppViewModel.swift */,
				700891C1295A0598000B50F3 /* NavigationViewModel.swift */,
				70602D50295C7FE500439DBE /* ChannelViewModel.swift */,
				703B6D93295DC951000AE236 /* PlayerViewModel.swift */,
			);
			path = ViewModels;
			sourceTree = "<group>";
		};
		700891A92959F6F2000B50F3 /* Models */ = {
			isa = PBXGroup;
			children = (
				700891AF2959F92C000B50F3 /* Constants.swift */,
				70602D52295C803B00439DBE /* Enums.swift */,
			);
			path = Models;
			sourceTree = "<group>";
		};
		700891AC2959F817000B50F3 /* Helpers */ = {
			isa = PBXGroup;
			children = (
				700891AD2959F823000B50F3 /* KeychainHelper.swift */,
			);
			path = Helpers;
			sourceTree = "<group>";
		};
		700891B92959FF6A000B50F3 /* Elements */ = {
			isa = PBXGroup;
			children = (
				70533886295C8CD400124795 /* VisualEffectView.swift */,
				700891BA2959FF6A000B50F3 /* LoadingElement.swift */,
				7093DB8B295BA3F20088E0F3 /* HoverWrapper.swift */,
				7093DB8D295BB5BA0088E0F3 /* ChannelListElement.swift */,
				70602D5C295C86E600439DBE /* ColoredBackground.swift */,
				7053388B295CB02D00124795 /* VideosRowElement.swift */,
				70396654295CE82600FFE790 /* ClipsRowElement.swift */,
			);
			path = Elements;
			sourceTree = "<group>";
		};
		700891BC2959FFAA000B50F3 /* Shared */ = {
			isa = PBXGroup;
			children = (
				700891BD2959FFAA000B50F3 /* LogInView.swift */,
				700891BE2959FFAA000B50F3 /* NavigationView.swift */,
				703B6D95295DC9C2000AE236 /* PlayerView.swift */,
				703B6D9A295E2143000AE236 /* AVPlayer.swift */,
			);
			path = Shared;
			sourceTree = "<group>";
		};
		703B6D97295DD3CB000AE236 /* StreamView */ = {
			isa = PBXGroup;
			children = (
				703B6D98295DD3E4000AE236 /* StreamView.swift */,
			);
			path = StreamView;
			sourceTree = "<group>";
		};
		70602D4D295C7FBE00439DBE /* ChannelView */ = {
			isa = PBXGroup;
			children = (
				70602D4E295C7FD000439DBE /* ChannelView.swift */,
				7039665A295D06E600FFE790 /* ChannelInfoBarView.swift */,
				7039665C295D078100FFE790 /* ChannelHeaderPanelsView.swift */,
			);
			path = ChannelView;
			sourceTree = "<group>";
		};
		70642DB4295F1C2A0095B813 /* Frameworks */ = {
			isa = PBXGroup;
			children = (
				70642DB6295F1C2B0095B813 /* AVFoundation.framework */,
				70642DB5295F1C2B0095B813 /* AVKit.framework */,
			);
			name = Frameworks;
			sourceTree = "<group>";
		};
		7093DB88295B99B00088E0F3 /* Utils */ = {
			isa = PBXGroup;
			children = (
				7093DB89295B99D50088E0F3 /* IntFormatter.swift */,
				70602D5A295C863000439DBE /* Image.swift */,
				70396652295CB93300FFE790 /* Date.swift */,
				70396656295CEFB000FFE790 /* Clipboard.swift */,
				70396658295D005800FFE790 /* Exclude.swift */,
				703B6D9C295E2724000AE236 /* ToggleStyle.swift */,
				70642DBC295F42AC0095B813 /* PictureInPicture.swift */,
				70642DBE295F6B800095B813 /* FullScreenPlayer.swift */,
				70642DC0295F9E730095B813 /* isMouseHovering.swift */,
			);
			path = Utils;
			sourceTree = "<group>";
		};
/* End PBXGroup section */

/* Begin PBXNativeTarget section */
		700891872959E0D7000B50F3 /* SwiftyTwitch */ = {
			isa = PBXNativeTarget;
			buildConfigurationList = 700891972959E0DB000B50F3 /* Build configuration list for PBXNativeTarget "SwiftyTwitch" */;
			buildPhases = (
				700891842959E0D7000B50F3 /* Sources */,
				700891852959E0D7000B50F3 /* Frameworks */,
				700891862959E0D7000B50F3 /* Resources */,
			);
			buildRules = (
			);
			dependencies = (
			);
			name = SwiftyTwitch;
			packageProductDependencies = (
				700891A12959E1C6000B50F3 /* SwiftTwitch */,
				700891B22959FBB3000B50F3 /* Alamofire */,
				700891B52959FBFC000B50F3 /* SwiftyJSON */,
				70602D55295C85EC00439DBE /* DominantColor */,
				70533889295CA51400124795 /* SDWebImageSwiftUI */,
				70642DBA295F3D720095B813 /* Pipify */,
			);
			productName = SwiftyTwitch;
			productReference = 700891882959E0D7000B50F3 /* SwiftyTwitch.app */;
			productType = "com.apple.product-type.application";
		};
/* End PBXNativeTarget section */

/* Begin PBXProject section */
		700891802959E0D7000B50F3 /* Project object */ = {
			isa = PBXProject;
			attributes = {
				BuildIndependentTargetsInParallel = 1;
				LastSwiftUpdateCheck = 1410;
				LastUpgradeCheck = 1410;
				TargetAttributes = {
					700891872959E0D7000B50F3 = {
						CreatedOnToolsVersion = 14.1;
					};
				};
			};
			buildConfigurationList = 700891832959E0D7000B50F3 /* Build configuration list for PBXProject "SwiftyTwitch" */;
			compatibilityVersion = "Xcode 14.0";
			developmentRegion = en;
			hasScannedForEncodings = 0;
			knownRegions = (
				en,
				Base,
			);
			mainGroup = 7008917F2959E0D7000B50F3;
			packageReferences = (
				700891B12959FBB3000B50F3 /* XCRemoteSwiftPackageReference "Alamofire" */,
				700891B42959FBFC000B50F3 /* XCRemoteSwiftPackageReference "SwiftyJSON" */,
				70602D54295C85EB00439DBE /* XCRemoteSwiftPackageReference "DominantColor" */,
				70533888295CA51400124795 /* XCRemoteSwiftPackageReference "SDWebImageSwiftUI" */,
				70642DB9295F3D720095B813 /* XCRemoteSwiftPackageReference "swiftui-pipify" */,
			);
			productRefGroup = 700891892959E0D7000B50F3 /* Products */;
			projectDirPath = "";
			projectRoot = "";
			targets = (
				700891872959E0D7000B50F3 /* SwiftyTwitch */,
			);
		};
/* End PBXProject section */

/* Begin PBXResourcesBuildPhase section */
		700891862959E0D7000B50F3 /* Resources */ = {
			isa = PBXResourcesBuildPhase;
			buildActionMask = 2147483647;
			files = (
				700891932959E0DB000B50F3 /* Preview Assets.xcassets in Resources */,
				700891902959E0DB000B50F3 /* Assets.xcassets in Resources */,
			);
			runOnlyForDeploymentPostprocessing = 0;
		};
/* End PBXResourcesBuildPhase section */

/* Begin PBXSourcesBuildPhase section */
		700891842959E0D7000B50F3 /* Sources */ = {
			isa = PBXSourcesBuildPhase;
			buildActionMask = 2147483647;
			files = (
				7039665D295D078100FFE790 /* ChannelHeaderPanelsView.swift in Sources */,
				703B6D9D295E2724000AE236 /* ToggleStyle.swift in Sources */,
				700891C2295A0599000B50F3 /* NavigationViewModel.swift in Sources */,
				700891B02959F92C000B50F3 /* Constants.swift in Sources */,
				700891BF2959FFAA000B50F3 /* LogInView.swift in Sources */,
				700891C02959FFAA000B50F3 /* NavigationView.swift in Sources */,
				700891BB2959FF6A000B50F3 /* LoadingElement.swift in Sources */,
				7093DB8E295BB5BA0088E0F3 /* ChannelListElement.swift in Sources */,
				7008918E2959E0D7000B50F3 /* ContentView.swift in Sources */,
				70602D53295C803B00439DBE /* Enums.swift in Sources */,
				7093DB8A295B99D50088E0F3 /* IntFormatter.swift in Sources */,
				70602D5D295C86E600439DBE /* ColoredBackground.swift in Sources */,
				70602D5B295C863000439DBE /* Image.swift in Sources */,
				70396653295CB93300FFE790 /* Date.swift in Sources */,
				70396659295D005800FFE790 /* Exclude.swift in Sources */,
				70533887295C8CD400124795 /* VisualEffectView.swift in Sources */,
				70602D51295C7FE500439DBE /* ChannelViewModel.swift in Sources */,
				70642DBF295F6B800095B813 /* FullScreenPlayer.swift in Sources */,
				703B6D9B295E2143000AE236 /* AVPlayer.swift in Sources */,
				7093DB8C295BA3F20088E0F3 /* HoverWrapper.swift in Sources */,
				703B6D94295DC951000AE236 /* PlayerViewModel.swift in Sources */,
				703B6D96295DC9C2000AE236 /* PlayerView.swift in Sources */,
				70602D4F295C7FD000439DBE /* ChannelView.swift in Sources */,
				7039665B295D06E600FFE790 /* ChannelInfoBarView.swift in Sources */,
				70642DC1295F9E730095B813 /* isMouseHovering.swift in Sources */,
				70396657295CEFB000FFE790 /* Clipboard.swift in Sources */,
				703B6D99295DD3E4000AE236 /* StreamView.swift in Sources */,
				70396655295CE82600FFE790 /* ClipsRowElement.swift in Sources */,
				700891AE2959F823000B50F3 /* KeychainHelper.swift in Sources */,
				7053388C295CB02D00124795 /* VideosRowElement.swift in Sources */,
				7008918C2959E0D7000B50F3 /* SwiftyTwitchApp.swift in Sources */,
				700891AB2959F71B000B50F3 /* AppViewModel.swift in Sources */,
				70642DBD295F42AC0095B813 /* PictureInPicture.swift in Sources */,
			);
			runOnlyForDeploymentPostprocessing = 0;
		};
/* End PBXSourcesBuildPhase section */

/* Begin XCBuildConfiguration section */
		700891952959E0DB000B50F3 /* Debug */ = {
			isa = XCBuildConfiguration;
			buildSettings = {
				ALWAYS_SEARCH_USER_PATHS = NO;
				CLANG_ANALYZER_NONNULL = YES;
				CLANG_ANALYZER_NUMBER_OBJECT_CONVERSION = YES_AGGRESSIVE;
				CLANG_CXX_LANGUAGE_STANDARD = "gnu++20";
				CLANG_ENABLE_MODULES = YES;
				CLANG_ENABLE_OBJC_ARC = YES;
				CLANG_ENABLE_OBJC_WEAK = YES;
				CLANG_WARN_BLOCK_CAPTURE_AUTORELEASING = YES;
				CLANG_WARN_BOOL_CONVERSION = YES;
				CLANG_WARN_COMMA = YES;
				CLANG_WARN_CONSTANT_CONVERSION = YES;
				CLANG_WARN_DEPRECATED_OBJC_IMPLEMENTATIONS = YES;
				CLANG_WARN_DIRECT_OBJC_ISA_USAGE = YES_ERROR;
				CLANG_WARN_DOCUMENTATION_COMMENTS = YES;
				CLANG_WARN_EMPTY_BODY = YES;
				CLANG_WARN_ENUM_CONVERSION = YES;
				CLANG_WARN_INFINITE_RECURSION = YES;
				CLANG_WARN_INT_CONVERSION = YES;
				CLANG_WARN_NON_LITERAL_NULL_CONVERSION = YES;
				CLANG_WARN_OBJC_IMPLICIT_RETAIN_SELF = YES;
				CLANG_WARN_OBJC_LITERAL_CONVERSION = YES;
				CLANG_WARN_OBJC_ROOT_CLASS = YES_ERROR;
				CLANG_WARN_QUOTED_INCLUDE_IN_FRAMEWORK_HEADER = YES;
				CLANG_WARN_RANGE_LOOP_ANALYSIS = YES;
				CLANG_WARN_STRICT_PROTOTYPES = YES;
				CLANG_WARN_SUSPICIOUS_MOVE = YES;
				CLANG_WARN_UNGUARDED_AVAILABILITY = YES_AGGRESSIVE;
				CLANG_WARN_UNREACHABLE_CODE = YES;
				CLANG_WARN__DUPLICATE_METHOD_MATCH = YES;
				COPY_PHASE_STRIP = NO;
				DEBUG_INFORMATION_FORMAT = dwarf;
				ENABLE_STRICT_OBJC_MSGSEND = YES;
				ENABLE_TESTABILITY = YES;
				GCC_C_LANGUAGE_STANDARD = gnu11;
				GCC_DYNAMIC_NO_PIC = NO;
				GCC_NO_COMMON_BLOCKS = YES;
				GCC_OPTIMIZATION_LEVEL = 0;
				GCC_PREPROCESSOR_DEFINITIONS = (
					"DEBUG=1",
					"$(inherited)",
				);
				GCC_WARN_64_TO_32_BIT_CONVERSION = YES;
				GCC_WARN_ABOUT_RETURN_TYPE = YES_ERROR;
				GCC_WARN_UNDECLARED_SELECTOR = YES;
				GCC_WARN_UNINITIALIZED_AUTOS = YES_AGGRESSIVE;
				GCC_WARN_UNUSED_FUNCTION = YES;
				GCC_WARN_UNUSED_VARIABLE = YES;
				MACOSX_DEPLOYMENT_TARGET = 13.0;
				MTL_ENABLE_DEBUG_INFO = INCLUDE_SOURCE;
				MTL_FAST_MATH = YES;
				ONLY_ACTIVE_ARCH = YES;
				SDKROOT = macosx;
				SWIFT_ACTIVE_COMPILATION_CONDITIONS = DEBUG;
				SWIFT_OPTIMIZATION_LEVEL = "-Onone";
			};
			name = Debug;
		};
		700891962959E0DB000B50F3 /* Release */ = {
			isa = XCBuildConfiguration;
			buildSettings = {
				ALWAYS_SEARCH_USER_PATHS = NO;
				CLANG_ANALYZER_NONNULL = YES;
				CLANG_ANALYZER_NUMBER_OBJECT_CONVERSION = YES_AGGRESSIVE;
				CLANG_CXX_LANGUAGE_STANDARD = "gnu++20";
				CLANG_ENABLE_MODULES = YES;
				CLANG_ENABLE_OBJC_ARC = YES;
				CLANG_ENABLE_OBJC_WEAK = YES;
				CLANG_WARN_BLOCK_CAPTURE_AUTORELEASING = YES;
				CLANG_WARN_BOOL_CONVERSION = YES;
				CLANG_WARN_COMMA = YES;
				CLANG_WARN_CONSTANT_CONVERSION = YES;
				CLANG_WARN_DEPRECATED_OBJC_IMPLEMENTATIONS = YES;
				CLANG_WARN_DIRECT_OBJC_ISA_USAGE = YES_ERROR;
				CLANG_WARN_DOCUMENTATION_COMMENTS = YES;
				CLANG_WARN_EMPTY_BODY = YES;
				CLANG_WARN_ENUM_CONVERSION = YES;
				CLANG_WARN_INFINITE_RECURSION = YES;
				CLANG_WARN_INT_CONVERSION = YES;
				CLANG_WARN_NON_LITERAL_NULL_CONVERSION = YES;
				CLANG_WARN_OBJC_IMPLICIT_RETAIN_SELF = YES;
				CLANG_WARN_OBJC_LITERAL_CONVERSION = YES;
				CLANG_WARN_OBJC_ROOT_CLASS = YES_ERROR;
				CLANG_WARN_QUOTED_INCLUDE_IN_FRAMEWORK_HEADER = YES;
				CLANG_WARN_RANGE_LOOP_ANALYSIS = YES;
				CLANG_WARN_STRICT_PROTOTYPES = YES;
				CLANG_WARN_SUSPICIOUS_MOVE = YES;
				CLANG_WARN_UNGUARDED_AVAILABILITY = YES_AGGRESSIVE;
				CLANG_WARN_UNREACHABLE_CODE = YES;
				CLANG_WARN__DUPLICATE_METHOD_MATCH = YES;
				COPY_PHASE_STRIP = NO;
				DEBUG_INFORMATION_FORMAT = "dwarf-with-dsym";
				ENABLE_NS_ASSERTIONS = NO;
				ENABLE_STRICT_OBJC_MSGSEND = YES;
				GCC_C_LANGUAGE_STANDARD = gnu11;
				GCC_NO_COMMON_BLOCKS = YES;
				GCC_WARN_64_TO_32_BIT_CONVERSION = YES;
				GCC_WARN_ABOUT_RETURN_TYPE = YES_ERROR;
				GCC_WARN_UNDECLARED_SELECTOR = YES;
				GCC_WARN_UNINITIALIZED_AUTOS = YES_AGGRESSIVE;
				GCC_WARN_UNUSED_FUNCTION = YES;
				GCC_WARN_UNUSED_VARIABLE = YES;
				MACOSX_DEPLOYMENT_TARGET = 13.0;
				MTL_ENABLE_DEBUG_INFO = NO;
				MTL_FAST_MATH = YES;
				SDKROOT = macosx;
				SWIFT_COMPILATION_MODE = wholemodule;
				SWIFT_OPTIMIZATION_LEVEL = "-O";
			};
			name = Release;
		};
		700891982959E0DB000B50F3 /* Debug */ = {
			isa = XCBuildConfiguration;
			buildSettings = {
				ASSETCATALOG_COMPILER_APPICON_NAME = AppIcon;
				ASSETCATALOG_COMPILER_GLOBAL_ACCENT_COLOR_NAME = AccentColor;
				CODE_SIGN_ENTITLEMENTS = SwiftyTwitch/SwiftyTwitch.entitlements;
				CODE_SIGN_STYLE = Automatic;
				COMBINE_HIDPI_IMAGES = YES;
				CURRENT_PROJECT_VERSION = 1;
				DEVELOPMENT_ASSET_PATHS = "\"SwiftyTwitch/Preview Content\"";
				DEVELOPMENT_TEAM = 2CPY2SAJ3X;
				ENABLE_HARDENED_RUNTIME = YES;
				ENABLE_PREVIEWS = YES;
				GENERATE_INFOPLIST_FILE = YES;
				INFOPLIST_FILE = SwiftyTwitch/Info.plist;
				INFOPLIST_KEY_LSUIElement = NO;
				INFOPLIST_KEY_NSHumanReadableCopyright = "";
				LD_RUNPATH_SEARCH_PATHS = (
					"$(inherited)",
					"@executable_path/../Frameworks",
				);
				MARKETING_VERSION = 1.0;
				PRODUCT_BUNDLE_IDENTIFIER = com.adecorp.SwiftyTwitch;
				PRODUCT_NAME = "$(TARGET_NAME)";
				SWIFT_EMIT_LOC_STRINGS = YES;
				SWIFT_VERSION = 5.0;
			};
			name = Debug;
		};
		700891992959E0DB000B50F3 /* Release */ = {
			isa = XCBuildConfiguration;
			buildSettings = {
				ASSETCATALOG_COMPILER_APPICON_NAME = AppIcon;
				ASSETCATALOG_COMPILER_GLOBAL_ACCENT_COLOR_NAME = AccentColor;
				CODE_SIGN_ENTITLEMENTS = SwiftyTwitch/SwiftyTwitch.entitlements;
				CODE_SIGN_STYLE = Automatic;
				COMBINE_HIDPI_IMAGES = YES;
				CURRENT_PROJECT_VERSION = 1;
				DEVELOPMENT_ASSET_PATHS = "\"SwiftyTwitch/Preview Content\"";
				DEVELOPMENT_TEAM = 2CPY2SAJ3X;
				ENABLE_HARDENED_RUNTIME = YES;
				ENABLE_PREVIEWS = YES;
				GENERATE_INFOPLIST_FILE = YES;
				INFOPLIST_FILE = SwiftyTwitch/Info.plist;
				INFOPLIST_KEY_LSUIElement = NO;
				INFOPLIST_KEY_NSHumanReadableCopyright = "";
				LD_RUNPATH_SEARCH_PATHS = (
					"$(inherited)",
					"@executable_path/../Frameworks",
				);
				MARKETING_VERSION = 1.0;
				PRODUCT_BUNDLE_IDENTIFIER = com.adecorp.SwiftyTwitch;
				PRODUCT_NAME = "$(TARGET_NAME)";
				SWIFT_EMIT_LOC_STRINGS = YES;
				SWIFT_VERSION = 5.0;
			};
			name = Release;
		};
/* End XCBuildConfiguration section */

/* Begin XCConfigurationList section */
		700891832959E0D7000B50F3 /* Build configuration list for PBXProject "SwiftyTwitch" */ = {
			isa = XCConfigurationList;
			buildConfigurations = (
				700891952959E0DB000B50F3 /* Debug */,
				700891962959E0DB000B50F3 /* Release */,
			);
			defaultConfigurationIsVisible = 0;
			defaultConfigurationName = Release;
		};
		700891972959E0DB000B50F3 /* Build configuration list for PBXNativeTarget "SwiftyTwitch" */ = {
			isa = XCConfigurationList;
			buildConfigurations = (
				700891982959E0DB000B50F3 /* Debug */,
				700891992959E0DB000B50F3 /* Release */,
			);
			defaultConfigurationIsVisible = 0;
			defaultConfigurationName = Release;
		};
/* End XCConfigurationList section */

/* Begin XCRemoteSwiftPackageReference section */
		700891B12959FBB3000B50F3 /* XCRemoteSwiftPackageReference "Alamofire" */ = {
			isa = XCRemoteSwiftPackageReference;
			repositoryURL = "https://github.com/Alamofire/Alamofire";
			requirement = {
				branch = master;
				kind = branch;
			};
		};
		700891B42959FBFC000B50F3 /* XCRemoteSwiftPackageReference "SwiftyJSON" */ = {
			isa = XCRemoteSwiftPackageReference;
			repositoryURL = "https://github.com/SwiftyJSON/SwiftyJSON";
			requirement = {
				branch = master;
				kind = branch;
			};
		};
		70533888295CA51400124795 /* XCRemoteSwiftPackageReference "SDWebImageSwiftUI" */ = {
			isa = XCRemoteSwiftPackageReference;
			repositoryURL = "https://github.com/SDWebImage/SDWebImageSwiftUI";
			requirement = {
				branch = master;
				kind = branch;
			};
		};
		70602D54295C85EB00439DBE /* XCRemoteSwiftPackageReference "DominantColor" */ = {
			isa = XCRemoteSwiftPackageReference;
			repositoryURL = "https://github.com/indragiek/DominantColor";
			requirement = {
				branch = master;
				kind = branch;
			};
		};
		70642DB9295F3D720095B813 /* XCRemoteSwiftPackageReference "swiftui-pipify" */ = {
			isa = XCRemoteSwiftPackageReference;
			repositoryURL = "https://github.com/getsidetrack/swiftui-pipify?ref=iosexample.com";
			requirement = {
				kind = upToNextMajorVersion;
				minimumVersion = 0.3.0;
			};
		};
/* End XCRemoteSwiftPackageReference section */

/* Begin XCSwiftPackageProductDependency section */
		700891A12959E1C6000B50F3 /* SwiftTwitch */ = {
			isa = XCSwiftPackageProductDependency;
			productName = SwiftTwitch;
		};
		700891B22959FBB3000B50F3 /* Alamofire */ = {
			isa = XCSwiftPackageProductDependency;
			package = 700891B12959FBB3000B50F3 /* XCRemoteSwiftPackageReference "Alamofire" */;
			productName = Alamofire;
		};
		700891B52959FBFC000B50F3 /* SwiftyJSON */ = {
			isa = XCSwiftPackageProductDependency;
			package = 700891B42959FBFC000B50F3 /* XCRemoteSwiftPackageReference "SwiftyJSON" */;
			productName = SwiftyJSON;
		};
		70533889295CA51400124795 /* SDWebImageSwiftUI */ = {
			isa = XCSwiftPackageProductDependency;
			package = 70533888295CA51400124795 /* XCRemoteSwiftPackageReference "SDWebImageSwiftUI" */;
			productName = SDWebImageSwiftUI;
		};
		70602D55295C85EC00439DBE /* DominantColor */ = {
			isa = XCSwiftPackageProductDependency;
			package = 70602D54295C85EB00439DBE /* XCRemoteSwiftPackageReference "DominantColor" */;
			productName = DominantColor;
		};
		70642DBA295F3D720095B813 /* Pipify */ = {
			isa = XCSwiftPackageProductDependency;
			package = 70642DB9295F3D720095B813 /* XCRemoteSwiftPackageReference "swiftui-pipify" */;
			productName = Pipify;
		};
/* End XCSwiftPackageProductDependency section */
	};
	rootObject = 700891802959E0D7000B50F3 /* Project object */;
}
